
Microsoft Visual Studio Solution File, Format Version 12.00
# Visual Studio Version 17
VisualStudioVersion = 17.0.31919.166
MinimumVisualStudioVersion = 10.0.40219.1
Project("{FAE04EC0-301F-11D3-BF4B-00C04F79EFBC}") = "CepHome", "CepHome\CepHome.csproj", "{68FDFF49-5DBD-4837-8D65-6977AE7F083B}"
EndProject
Project("{FAE04EC0-301F-11D3-BF4B-00C04F79EFBC}") = "smartHome", "smartHome\smartHome.csproj", "{088CD3A2-61C6-4FF0-8DA7-FE5BD49DD2F9}"
EndProject
Global
	GlobalSection(SolutionConfigurationPlatforms) = preSolution
		Debug|Any CPU = Debug|Any CPU
		Release|Any CPU = Release|Any CPU
	EndGlobalSection
	GlobalSection(ProjectConfigurationPlatforms) = postSolution
		{68FDFF49-5DBD-4837-8D65-6977AE7F083B}.Debug|Any CPU.ActiveCfg = Debug|Any CPU
		{68FDFF49-5DBD-4837-8D65-6977AE7F083B}.Debug|Any CPU.Build.0 = Debug|Any CPU
		{68FDFF49-5DBD-4837-8D65-6977AE7F083B}.Release|Any CPU.ActiveCfg = Release|Any CPU
		{68FDFF49-5DBD-4837-8D65-6977AE7F083B}.Release|Any CPU.Build.0 = Release|Any CPU
		{088CD3A2-61C6-4FF0-8DA7-FE5BD49DD2F9}.Debug|Any CPU.ActiveCfg = Debug|Any CPU
		{088CD3A2-61C6-4FF0-8DA7-FE5BD49DD2F9}.Debug|Any CPU.Build.0 = Debug|Any CPU
		{088CD3A2-61C6-4FF0-8DA7-FE5BD49DD2F9}.Release|Any CPU.ActiveCfg = Release|Any CPU
		{088CD3A2-61C6-4FF0-8DA7-FE5BD49DD2F9}.Release|Any CPU.Build.0 = Release|Any CPU
	EndGlobalSection
	GlobalSection(SolutionProperties) = preSolution
		HideSolutionNode = FALSE
	EndGlobalSection
	GlobalSection(ExtensibilityGlobals) = postSolution
		SolutionGuid = {EB638813-3E43-4B0E-8485-666E26898043}
	EndGlobalSection
EndGlobal
